// !$*UTF8*$!
{
	archiveVersion = 1;
	classes = {
	};
	objectVersion = 55;
	objects = {

/* Begin PBXBuildFile section */
		311B6A76F5E1630457E17C21 /* Pods_Fodamy.framework in Frameworks */ = {isa = PBXBuildFile; fileRef = E5A884E93E5616E66D2CDDCF /* Pods_Fodamy.framework */; };
		9C37540D29B26F890037EE08 /* APIRequestInterceptor.swift in Sources */ = {isa = PBXBuildFile; fileRef = 9C37540C29B26F890037EE08 /* APIRequestInterceptor.swift */; };
		9C37542329B273140037EE08 /* AppRouter.swift in Sources */ = {isa = PBXBuildFile; fileRef = 9C37542229B273140037EE08 /* AppRouter.swift */; };
		9C37542629B273950037EE08 /* Animator.swift in Sources */ = {isa = PBXBuildFile; fileRef = 9C37542529B273950037EE08 /* Animator.swift */; };
		9C37542829B273AB0037EE08 /* Router.swift in Sources */ = {isa = PBXBuildFile; fileRef = 9C37542729B273AB0037EE08 /* Router.swift */; };
		9C37542B29B273D90037EE08 /* ModalTransition.swift in Sources */ = {isa = PBXBuildFile; fileRef = 9C37542A29B273D90037EE08 /* ModalTransition.swift */; };
		9C37542D29B273F10037EE08 /* PlaceOnWindowTransition.swift in Sources */ = {isa = PBXBuildFile; fileRef = 9C37542C29B273F10037EE08 /* PlaceOnWindowTransition.swift */; };
		9C37542F29B274080037EE08 /* PushTransition.swift in Sources */ = {isa = PBXBuildFile; fileRef = 9C37542E29B274080037EE08 /* PushTransition.swift */; };
		9C37543129B274240037EE08 /* Transition.swift in Sources */ = {isa = PBXBuildFile; fileRef = 9C37543029B274240037EE08 /* Transition.swift */; };
		9C69FB7529B14732000D17C3 /* UIComponents.framework in Frameworks */ = {isa = PBXBuildFile; fileRef = 9C69FB7429B14732000D17C3 /* UIComponents.framework */; };
		9C69FB8D29B147F5000D17C3 /* Utilities.framework in Frameworks */ = {isa = PBXBuildFile; fileRef = 9C69FB8C29B147F5000D17C3 /* Utilities.framework */; };
		9C69FBA529B14882000D17C3 /* DataProvider.framework in Frameworks */ = {isa = PBXBuildFile; fileRef = 9C69FBA429B14882000D17C3 /* DataProvider.framework */; };
		9C6E6B082A36FA52006CBE9B /* LoginWarningRouter.swift in Sources */ = {isa = PBXBuildFile; fileRef = 9C6E6B052A36FA52006CBE9B /* LoginWarningRouter.swift */; };
		9C6E6B092A36FA52006CBE9B /* LoginWarningViewController.swift in Sources */ = {isa = PBXBuildFile; fileRef = 9C6E6B062A36FA52006CBE9B /* LoginWarningViewController.swift */; };
		9C6E6B0A2A36FA52006CBE9B /* LoginWarningViewModel.swift in Sources */ = {isa = PBXBuildFile; fileRef = 9C6E6B072A36FA52006CBE9B /* LoginWarningViewModel.swift */; };
		9C6E6B0C2A36FA68006CBE9B /* LoginWarningRoute.swift in Sources */ = {isa = PBXBuildFile; fileRef = 9C6E6B0B2A36FA68006CBE9B /* LoginWarningRoute.swift */; };
		9C87CE1C2A014C53007FD4DC /* RecipesRouter.swift in Sources */ = {isa = PBXBuildFile; fileRef = 9C87CE192A014C53007FD4DC /* RecipesRouter.swift */; };
		9C87CE1D2A014C53007FD4DC /* RecipesViewController.swift in Sources */ = {isa = PBXBuildFile; fileRef = 9C87CE1A2A014C53007FD4DC /* RecipesViewController.swift */; };
		9C87CE1E2A014C53007FD4DC /* RecipesViewModel.swift in Sources */ = {isa = PBXBuildFile; fileRef = 9C87CE1B2A014C53007FD4DC /* RecipesViewModel.swift */; };
		9C87CE202A014C64007FD4DC /* RecipeRoute.swift in Sources */ = {isa = PBXBuildFile; fileRef = 9C87CE1F2A014C64007FD4DC /* RecipeRoute.swift */; };
		9CAD3FA929ABE5E4006F499E /* AppDelegate.swift in Sources */ = {isa = PBXBuildFile; fileRef = 9CAD3FA829ABE5E4006F499E /* AppDelegate.swift */; };
		9CAD3FB529ABE5EC006F499E /* LaunchScreen.storyboard in Resources */ = {isa = PBXBuildFile; fileRef = 9CAD3FB329ABE5EC006F499E /* LaunchScreen.storyboard */; };
		9CAD3FC229ABE765006F499E /* BaseViewController.swift in Sources */ = {isa = PBXBuildFile; fileRef = 9CAD3FC129ABE765006F499E /* BaseViewController.swift */; };
		9CAD3FC429ABE782006F499E /* BaseViewModel.swift in Sources */ = {isa = PBXBuildFile; fileRef = 9CAD3FC329ABE782006F499E /* BaseViewModel.swift */; };
		9CAD3FC729ABE7C3006F499E /* ActivityIndicator.swift in Sources */ = {isa = PBXBuildFile; fileRef = 9CAD3FC629ABE7C3006F499E /* ActivityIndicator.swift */; };
		9CAD3FC929ABE7DE006F499E /* ActivityIndicatorProtocol.swift in Sources */ = {isa = PBXBuildFile; fileRef = 9CAD3FC829ABE7DE006F499E /* ActivityIndicatorProtocol.swift */; };
		9CAD3FCB29ABE7F1006F499E /* ActivityIndicatorView.swift in Sources */ = {isa = PBXBuildFile; fileRef = 9CAD3FCA29ABE7F1006F499E /* ActivityIndicatorView.swift */; };
		9CAD3FCE29ABE824006F499E /* ToastPresenter.swift in Sources */ = {isa = PBXBuildFile; fileRef = 9CAD3FCD29ABE824006F499E /* ToastPresenter.swift */; };
		9CAD3FD029ABE841006F499E /* TostWarningView.swift in Sources */ = {isa = PBXBuildFile; fileRef = 9CAD3FCF29ABE841006F499E /* TostWarningView.swift */; };
		9CAD3FD629ABE8AB006F499E /* LoadingProtocol.swift in Sources */ = {isa = PBXBuildFile; fileRef = 9CAD3FD529ABE8AB006F499E /* LoadingProtocol.swift */; };
		9CAD3FD929ABE8EB006F499E /* APIDataProvider.swift in Sources */ = {isa = PBXBuildFile; fileRef = 9CAD3FD829ABE8EB006F499E /* APIDataProvider.swift */; };
		9CAD3FDB29ABE905006F499E /* APIRequestAdapter.swift in Sources */ = {isa = PBXBuildFile; fileRef = 9CAD3FDA29ABE905006F499E /* APIRequestAdapter.swift */; };
		9CAD3FDD29ABE91D006F499E /* APILogger.swift in Sources */ = {isa = PBXBuildFile; fileRef = 9CAD3FDC29ABE91D006F499E /* APILogger.swift */; };
		9CAD3FDF29ABE92F006F499E /* DataProvider.swift in Sources */ = {isa = PBXBuildFile; fileRef = 9CAD3FDE29ABE92F006F499E /* DataProvider.swift */; };
		9CB8005129F17B040014E95C /* FavoritesRouter.swift in Sources */ = {isa = PBXBuildFile; fileRef = 9CB8004E29F17B040014E95C /* FavoritesRouter.swift */; };
		9CB8005229F17B040014E95C /* FavoritesViewController.swift in Sources */ = {isa = PBXBuildFile; fileRef = 9CB8004F29F17B040014E95C /* FavoritesViewController.swift */; };
		9CB8005329F17B040014E95C /* FavoritesViewModel.swift in Sources */ = {isa = PBXBuildFile; fileRef = 9CB8005029F17B040014E95C /* FavoritesViewModel.swift */; };
		9CB8005A29F17B280014E95C /* HomeRouter.swift in Sources */ = {isa = PBXBuildFile; fileRef = 9CB8005729F17B280014E95C /* HomeRouter.swift */; };
		9CB8005B29F17B280014E95C /* HomeViewController.swift in Sources */ = {isa = PBXBuildFile; fileRef = 9CB8005829F17B280014E95C /* HomeViewController.swift */; };
		9CB8005C29F17B280014E95C /* HomeViewModel.swift in Sources */ = {isa = PBXBuildFile; fileRef = 9CB8005929F17B280014E95C /* HomeViewModel.swift */; };
		9CB8006429F17B600014E95C /* TabBarViewController.swift in Sources */ = {isa = PBXBuildFile; fileRef = 9CB8006129F17B600014E95C /* TabBarViewController.swift */; };
		9CB8006729F17B6C0014E95C /* TabBarRoute.swift in Sources */ = {isa = PBXBuildFile; fileRef = 9CB8006629F17B6B0014E95C /* TabBarRoute.swift */; };
		9CCB264E2A209A3900D3CBBB /* RecipeDetailRouter.swift in Sources */ = {isa = PBXBuildFile; fileRef = 9CCB264B2A209A3900D3CBBB /* RecipeDetailRouter.swift */; };
		9CCB264F2A209A3900D3CBBB /* RecipeDetailViewController.swift in Sources */ = {isa = PBXBuildFile; fileRef = 9CCB264C2A209A3900D3CBBB /* RecipeDetailViewController.swift */; };
		9CCB26502A209A3900D3CBBB /* RecipeDetailViewModel.swift in Sources */ = {isa = PBXBuildFile; fileRef = 9CCB264D2A209A3900D3CBBB /* RecipeDetailViewModel.swift */; };
		9CCB26522A209A4D00D3CBBB /* RecipeDetailRoute.swift in Sources */ = {isa = PBXBuildFile; fileRef = 9CCB26512A209A4D00D3CBBB /* RecipeDetailRoute.swift */; };
		9CE25C4629B912B7000DD905 /* WalkthroughRouter.swift in Sources */ = {isa = PBXBuildFile; fileRef = 9CE25C4329B912B7000DD905 /* WalkthroughRouter.swift */; };
		9CE25C4729B912B7000DD905 /* WalkthroughViewController.swift in Sources */ = {isa = PBXBuildFile; fileRef = 9CE25C4429B912B7000DD905 /* WalkthroughViewController.swift */; };
		9CE25C4829B912B7000DD905 /* WalkthroughViewModel.swift in Sources */ = {isa = PBXBuildFile; fileRef = 9CE25C4529B912B7000DD905 /* WalkthroughViewModel.swift */; };
		9CE25C4A29B912D3000DD905 /* WalkthroughRoute.swift in Sources */ = {isa = PBXBuildFile; fileRef = 9CE25C4929B912D3000DD905 /* WalkthroughRoute.swift */; };
		9CF10F372A042674009B75E8 /* MainNavigationController.swift in Sources */ = {isa = PBXBuildFile; fileRef = 9CF10F362A042674009B75E8 /* MainNavigationController.swift */; };
		9CF10F3D2A042C61009B75E8 /* HomeRoute.swift in Sources */ = {isa = PBXBuildFile; fileRef = 9CF10F3C2A042C61009B75E8 /* HomeRoute.swift */; };
/* End PBXBuildFile section */

/* Begin PBXFileReference section */
		882D15E429B3124FAAF0B5C0 /* Pods-Fodamy.release.xcconfig */ = {isa = PBXFileReference; includeInIndex = 1; lastKnownFileType = text.xcconfig; name = "Pods-Fodamy.release.xcconfig"; path = "Target Support Files/Pods-Fodamy/Pods-Fodamy.release.xcconfig"; sourceTree = "<group>"; };
		9C37540C29B26F890037EE08 /* APIRequestInterceptor.swift */ = {isa = PBXFileReference; lastKnownFileType = sourcecode.swift; path = APIRequestInterceptor.swift; sourceTree = "<group>"; };
		9C37542229B273140037EE08 /* AppRouter.swift */ = {isa = PBXFileReference; lastKnownFileType = sourcecode.swift; path = AppRouter.swift; sourceTree = "<group>"; };
		9C37542529B273950037EE08 /* Animator.swift */ = {isa = PBXFileReference; lastKnownFileType = sourcecode.swift; path = Animator.swift; sourceTree = "<group>"; };
		9C37542729B273AB0037EE08 /* Router.swift */ = {isa = PBXFileReference; lastKnownFileType = sourcecode.swift; path = Router.swift; sourceTree = "<group>"; };
		9C37542A29B273D90037EE08 /* ModalTransition.swift */ = {isa = PBXFileReference; lastKnownFileType = sourcecode.swift; path = ModalTransition.swift; sourceTree = "<group>"; };
		9C37542C29B273F10037EE08 /* PlaceOnWindowTransition.swift */ = {isa = PBXFileReference; lastKnownFileType = sourcecode.swift; path = PlaceOnWindowTransition.swift; sourceTree = "<group>"; };
		9C37542E29B274080037EE08 /* PushTransition.swift */ = {isa = PBXFileReference; lastKnownFileType = sourcecode.swift; path = PushTransition.swift; sourceTree = "<group>"; };
		9C37543029B274240037EE08 /* Transition.swift */ = {isa = PBXFileReference; lastKnownFileType = sourcecode.swift; path = Transition.swift; sourceTree = "<group>"; };
		9C69FB7129B14692000D17C3 /* Fodamy-Bridging-Header.h */ = {isa = PBXFileReference; lastKnownFileType = sourcecode.c.h; path = "Fodamy-Bridging-Header.h"; sourceTree = "<group>"; };
		9C69FB7429B14732000D17C3 /* UIComponents.framework */ = {isa = PBXFileReference; explicitFileType = wrapper.framework; path = UIComponents.framework; sourceTree = BUILT_PRODUCTS_DIR; };
		9C69FB8C29B147F5000D17C3 /* Utilities.framework */ = {isa = PBXFileReference; explicitFileType = wrapper.framework; path = Utilities.framework; sourceTree = BUILT_PRODUCTS_DIR; };
		9C69FBA429B14882000D17C3 /* DataProvider.framework */ = {isa = PBXFileReference; explicitFileType = wrapper.framework; path = DataProvider.framework; sourceTree = BUILT_PRODUCTS_DIR; };
		9C6E6B052A36FA52006CBE9B /* LoginWarningRouter.swift */ = {isa = PBXFileReference; lastKnownFileType = sourcecode.swift; path = LoginWarningRouter.swift; sourceTree = "<group>"; };
		9C6E6B062A36FA52006CBE9B /* LoginWarningViewController.swift */ = {isa = PBXFileReference; lastKnownFileType = sourcecode.swift; path = LoginWarningViewController.swift; sourceTree = "<group>"; };
		9C6E6B072A36FA52006CBE9B /* LoginWarningViewModel.swift */ = {isa = PBXFileReference; lastKnownFileType = sourcecode.swift; path = LoginWarningViewModel.swift; sourceTree = "<group>"; };
		9C6E6B0B2A36FA68006CBE9B /* LoginWarningRoute.swift */ = {isa = PBXFileReference; lastKnownFileType = sourcecode.swift; path = LoginWarningRoute.swift; sourceTree = "<group>"; };
		9C87CE192A014C53007FD4DC /* RecipesRouter.swift */ = {isa = PBXFileReference; lastKnownFileType = sourcecode.swift; path = RecipesRouter.swift; sourceTree = "<group>"; };
		9C87CE1A2A014C53007FD4DC /* RecipesViewController.swift */ = {isa = PBXFileReference; lastKnownFileType = sourcecode.swift; path = RecipesViewController.swift; sourceTree = "<group>"; };
		9C87CE1B2A014C53007FD4DC /* RecipesViewModel.swift */ = {isa = PBXFileReference; lastKnownFileType = sourcecode.swift; path = RecipesViewModel.swift; sourceTree = "<group>"; };
		9C87CE1F2A014C64007FD4DC /* RecipeRoute.swift */ = {isa = PBXFileReference; lastKnownFileType = sourcecode.swift; path = RecipeRoute.swift; sourceTree = "<group>"; };
		9CAD3FA529ABE5E4006F499E /* Fodamy.app */ = {isa = PBXFileReference; explicitFileType = wrapper.application; includeInIndex = 0; path = Fodamy.app; sourceTree = BUILT_PRODUCTS_DIR; };
		9CAD3FA829ABE5E4006F499E /* AppDelegate.swift */ = {isa = PBXFileReference; lastKnownFileType = sourcecode.swift; path = AppDelegate.swift; sourceTree = "<group>"; };
		9CAD3FB429ABE5EC006F499E /* Base */ = {isa = PBXFileReference; lastKnownFileType = file.storyboard; name = Base; path = Base.lproj/LaunchScreen.storyboard; sourceTree = "<group>"; };
		9CAD3FB629ABE5EC006F499E /* Info.plist */ = {isa = PBXFileReference; lastKnownFileType = text.plist.xml; path = Info.plist; sourceTree = "<group>"; };
		9CAD3FC129ABE765006F499E /* BaseViewController.swift */ = {isa = PBXFileReference; lastKnownFileType = sourcecode.swift; path = BaseViewController.swift; sourceTree = "<group>"; };
		9CAD3FC329ABE782006F499E /* BaseViewModel.swift */ = {isa = PBXFileReference; lastKnownFileType = sourcecode.swift; path = BaseViewModel.swift; sourceTree = "<group>"; };
		9CAD3FC629ABE7C3006F499E /* ActivityIndicator.swift */ = {isa = PBXFileReference; lastKnownFileType = sourcecode.swift; path = ActivityIndicator.swift; sourceTree = "<group>"; };
		9CAD3FC829ABE7DE006F499E /* ActivityIndicatorProtocol.swift */ = {isa = PBXFileReference; lastKnownFileType = sourcecode.swift; path = ActivityIndicatorProtocol.swift; sourceTree = "<group>"; };
		9CAD3FCA29ABE7F1006F499E /* ActivityIndicatorView.swift */ = {isa = PBXFileReference; lastKnownFileType = sourcecode.swift; path = ActivityIndicatorView.swift; sourceTree = "<group>"; };
		9CAD3FCD29ABE824006F499E /* ToastPresenter.swift */ = {isa = PBXFileReference; lastKnownFileType = sourcecode.swift; path = ToastPresenter.swift; sourceTree = "<group>"; };
		9CAD3FCF29ABE841006F499E /* TostWarningView.swift */ = {isa = PBXFileReference; lastKnownFileType = sourcecode.swift; path = TostWarningView.swift; sourceTree = "<group>"; };
		9CAD3FD529ABE8AB006F499E /* LoadingProtocol.swift */ = {isa = PBXFileReference; lastKnownFileType = sourcecode.swift; path = LoadingProtocol.swift; sourceTree = "<group>"; };
		9CAD3FD829ABE8EB006F499E /* APIDataProvider.swift */ = {isa = PBXFileReference; lastKnownFileType = sourcecode.swift; path = APIDataProvider.swift; sourceTree = "<group>"; };
		9CAD3FDA29ABE905006F499E /* APIRequestAdapter.swift */ = {isa = PBXFileReference; lastKnownFileType = sourcecode.swift; path = APIRequestAdapter.swift; sourceTree = "<group>"; };
		9CAD3FDC29ABE91D006F499E /* APILogger.swift */ = {isa = PBXFileReference; lastKnownFileType = sourcecode.swift; path = APILogger.swift; sourceTree = "<group>"; };
		9CAD3FDE29ABE92F006F499E /* DataProvider.swift */ = {isa = PBXFileReference; lastKnownFileType = sourcecode.swift; path = DataProvider.swift; sourceTree = "<group>"; };
		9CB8004E29F17B040014E95C /* FavoritesRouter.swift */ = {isa = PBXFileReference; lastKnownFileType = sourcecode.swift; path = FavoritesRouter.swift; sourceTree = "<group>"; };
		9CB8004F29F17B040014E95C /* FavoritesViewController.swift */ = {isa = PBXFileReference; lastKnownFileType = sourcecode.swift; path = FavoritesViewController.swift; sourceTree = "<group>"; };
		9CB8005029F17B040014E95C /* FavoritesViewModel.swift */ = {isa = PBXFileReference; lastKnownFileType = sourcecode.swift; path = FavoritesViewModel.swift; sourceTree = "<group>"; };
		9CB8005729F17B280014E95C /* HomeRouter.swift */ = {isa = PBXFileReference; lastKnownFileType = sourcecode.swift; path = HomeRouter.swift; sourceTree = "<group>"; };
		9CB8005829F17B280014E95C /* HomeViewController.swift */ = {isa = PBXFileReference; lastKnownFileType = sourcecode.swift; path = HomeViewController.swift; sourceTree = "<group>"; };
		9CB8005929F17B280014E95C /* HomeViewModel.swift */ = {isa = PBXFileReference; lastKnownFileType = sourcecode.swift; path = HomeViewModel.swift; sourceTree = "<group>"; };
		9CB8006129F17B600014E95C /* TabBarViewController.swift */ = {isa = PBXFileReference; lastKnownFileType = sourcecode.swift; path = TabBarViewController.swift; sourceTree = "<group>"; };
		9CB8006629F17B6B0014E95C /* TabBarRoute.swift */ = {isa = PBXFileReference; lastKnownFileType = sourcecode.swift; path = TabBarRoute.swift; sourceTree = "<group>"; };
		9CCB264B2A209A3900D3CBBB /* RecipeDetailRouter.swift */ = {isa = PBXFileReference; lastKnownFileType = sourcecode.swift; path = RecipeDetailRouter.swift; sourceTree = "<group>"; };
		9CCB264C2A209A3900D3CBBB /* RecipeDetailViewController.swift */ = {isa = PBXFileReference; lastKnownFileType = sourcecode.swift; path = RecipeDetailViewController.swift; sourceTree = "<group>"; };
		9CCB264D2A209A3900D3CBBB /* RecipeDetailViewModel.swift */ = {isa = PBXFileReference; lastKnownFileType = sourcecode.swift; path = RecipeDetailViewModel.swift; sourceTree = "<group>"; };
		9CCB26512A209A4D00D3CBBB /* RecipeDetailRoute.swift */ = {isa = PBXFileReference; lastKnownFileType = sourcecode.swift; path = RecipeDetailRoute.swift; sourceTree = "<group>"; };
		9CE25C4329B912B7000DD905 /* WalkthroughRouter.swift */ = {isa = PBXFileReference; lastKnownFileType = sourcecode.swift; path = WalkthroughRouter.swift; sourceTree = "<group>"; };
		9CE25C4429B912B7000DD905 /* WalkthroughViewController.swift */ = {isa = PBXFileReference; lastKnownFileType = sourcecode.swift; path = WalkthroughViewController.swift; sourceTree = "<group>"; };
		9CE25C4529B912B7000DD905 /* WalkthroughViewModel.swift */ = {isa = PBXFileReference; lastKnownFileType = sourcecode.swift; path = WalkthroughViewModel.swift; sourceTree = "<group>"; };
		9CE25C4929B912D3000DD905 /* WalkthroughRoute.swift */ = {isa = PBXFileReference; lastKnownFileType = sourcecode.swift; path = WalkthroughRoute.swift; sourceTree = "<group>"; };
		9CF10F362A042674009B75E8 /* MainNavigationController.swift */ = {isa = PBXFileReference; lastKnownFileType = sourcecode.swift; path = MainNavigationController.swift; sourceTree = "<group>"; };
		9CF10F3C2A042C61009B75E8 /* HomeRoute.swift */ = {isa = PBXFileReference; lastKnownFileType = sourcecode.swift; path = HomeRoute.swift; sourceTree = "<group>"; };
		E5A884E93E5616E66D2CDDCF /* Pods_Fodamy.framework */ = {isa = PBXFileReference; explicitFileType = wrapper.framework; includeInIndex = 0; path = Pods_Fodamy.framework; sourceTree = BUILT_PRODUCTS_DIR; };
		F3085BFF182E815078209B5D /* Pods-Fodamy.debug.xcconfig */ = {isa = PBXFileReference; includeInIndex = 1; lastKnownFileType = text.xcconfig; name = "Pods-Fodamy.debug.xcconfig"; path = "Target Support Files/Pods-Fodamy/Pods-Fodamy.debug.xcconfig"; sourceTree = "<group>"; };
/* End PBXFileReference section */

/* Begin PBXFrameworksBuildPhase section */
		9CAD3FA229ABE5E4006F499E /* Frameworks */ = {
			isa = PBXFrameworksBuildPhase;
			buildActionMask = 2147483647;
			files = (
				9C69FB7529B14732000D17C3 /* UIComponents.framework in Frameworks */,
				9C69FB8D29B147F5000D17C3 /* Utilities.framework in Frameworks */,
				311B6A76F5E1630457E17C21 /* Pods_Fodamy.framework in Frameworks */,
				9C69FBA529B14882000D17C3 /* DataProvider.framework in Frameworks */,
			);
			runOnlyForDeploymentPostprocessing = 0;
		};
/* End PBXFrameworksBuildPhase section */

/* Begin PBXGroup section */
		031B009DC29B36563E603B7D /* Pods */ = {
			isa = PBXGroup;
			children = (
				F3085BFF182E815078209B5D /* Pods-Fodamy.debug.xcconfig */,
				882D15E429B3124FAAF0B5C0 /* Pods-Fodamy.release.xcconfig */,
			);
			path = Pods;
			sourceTree = "<group>";
		};
		9C37542029B272EB0037EE08 /* Routing */ = {
			isa = PBXGroup;
			children = (
				9C37542929B273C70037EE08 /* Transitions */,
				9C37542429B273840037EE08 /* Core */,
				9C37542129B273010037EE08 /* Routers */,
			);
			path = Routing;
			sourceTree = "<group>";
		};
		9C37542129B273010037EE08 /* Routers */ = {
			isa = PBXGroup;
			children = (
				9C37542229B273140037EE08 /* AppRouter.swift */,
			);
			path = Routers;
			sourceTree = "<group>";
		};
		9C37542429B273840037EE08 /* Core */ = {
			isa = PBXGroup;
			children = (
				9C37542529B273950037EE08 /* Animator.swift */,
				9C37542729B273AB0037EE08 /* Router.swift */,
			);
			path = Core;
			sourceTree = "<group>";
		};
		9C37542929B273C70037EE08 /* Transitions */ = {
			isa = PBXGroup;
			children = (
				9C37542A29B273D90037EE08 /* ModalTransition.swift */,
				9C37542C29B273F10037EE08 /* PlaceOnWindowTransition.swift */,
				9C37542E29B274080037EE08 /* PushTransition.swift */,
				9C37543029B274240037EE08 /* Transition.swift */,
			);
			path = Transitions;
			sourceTree = "<group>";
		};
		9C37543229B274F50037EE08 /* Walkthrough */ = {
			isa = PBXGroup;
			children = (
				9CE25C4429B912B7000DD905 /* WalkthroughViewController.swift */,
				9CE25C4529B912B7000DD905 /* WalkthroughViewModel.swift */,
				9CE25C4329B912B7000DD905 /* WalkthroughRouter.swift */,
				9CE25C4929B912D3000DD905 /* WalkthroughRoute.swift */,
			);
			path = Walkthrough;
			sourceTree = "<group>";
		};
		9C4E7C8C2A045A3700E81EFF /* MainNavigationController */ = {
			isa = PBXGroup;
			children = (
				9CF10F362A042674009B75E8 /* MainNavigationController.swift */,
			);
			path = MainNavigationController;
			sourceTree = "<group>";
		};
		9C69FBAA29B14A70000D17C3 /* BridgingHeader */ = {
			isa = PBXGroup;
			children = (
				9C69FB7129B14692000D17C3 /* Fodamy-Bridging-Header.h */,
			);
			path = BridgingHeader;
			sourceTree = "<group>";
		};
		9C6E6B042A36FA0B006CBE9B /* LoginWarning */ = {
			isa = PBXGroup;
			children = (
				9C6E6B062A36FA52006CBE9B /* LoginWarningViewController.swift */,
				9C6E6B072A36FA52006CBE9B /* LoginWarningViewModel.swift */,
				9C6E6B052A36FA52006CBE9B /* LoginWarningRouter.swift */,
				9C6E6B0B2A36FA68006CBE9B /* LoginWarningRoute.swift */,
			);
			path = LoginWarning;
			sourceTree = "<group>";
		};
		9C87CE182A014C2D007FD4DC /* Recipes */ = {
			isa = PBXGroup;
			children = (
				9C87CE1A2A014C53007FD4DC /* RecipesViewController.swift */,
				9C87CE1B2A014C53007FD4DC /* RecipesViewModel.swift */,
				9C87CE192A014C53007FD4DC /* RecipesRouter.swift */,
				9C87CE1F2A014C64007FD4DC /* RecipeRoute.swift */,
			);
			path = Recipes;
			sourceTree = "<group>";
		};
		9CAD3F9C29ABE5E4006F499E = {
			isa = PBXGroup;
			children = (
				9CAD3FA729ABE5E4006F499E /* Fodamy */,
				9CAD3FA629ABE5E4006F499E /* Products */,
				031B009DC29B36563E603B7D /* Pods */,
				BCEE16FE7B24FBFDE8461817 /* Frameworks */,
			);
			sourceTree = "<group>";
		};
		9CAD3FA629ABE5E4006F499E /* Products */ = {
			isa = PBXGroup;
			children = (
				9CAD3FA529ABE5E4006F499E /* Fodamy.app */,
			);
			name = Products;
			sourceTree = "<group>";
		};
		9CAD3FA729ABE5E4006F499E /* Fodamy */ = {
			isa = PBXGroup;
			children = (
				9C37542029B272EB0037EE08 /* Routing */,
				9CAD3FD729ABE8D0006F499E /* DataProvider */,
				9CAD3FBE29ABE71E006F499E /* Delegate */,
				9CAD3FD429ABE894006F499E /* Protocol */,
				9CAD3FBF29ABE732006F499E /* Scenes */,
				9CAD3FC529ABE7A2006F499E /* UIComponent */,
				9CAD3FCC29ABE80E006F499E /* Toast */,
				9C69FBAA29B14A70000D17C3 /* BridgingHeader */,
				9CAD3FB329ABE5EC006F499E /* LaunchScreen.storyboard */,
				9CAD3FB629ABE5EC006F499E /* Info.plist */,
			);
			path = Fodamy;
			sourceTree = "<group>";
		};
		9CAD3FBE29ABE71E006F499E /* Delegate */ = {
			isa = PBXGroup;
			children = (
				9CAD3FA829ABE5E4006F499E /* AppDelegate.swift */,
			);
			path = Delegate;
			sourceTree = "<group>";
		};
		9CAD3FBF29ABE732006F499E /* Scenes */ = {
			isa = PBXGroup;
			children = (
				9C4E7C8C2A045A3700E81EFF /* MainNavigationController */,
				9CAD3FC029ABE74D006F499E /* Base */,
				9C37543229B274F50037EE08 /* Walkthrough */,
				9CB8005F29F17B3B0014E95C /* TabBar */,
				9CB8005629F17B1B0014E95C /* Home */,
				9C87CE182A014C2D007FD4DC /* Recipes */,
				9CB8004D29F17AF10014E95C /* Favorites */,
				9CCB264A2A209A0D00D3CBBB /* Detail */,
				9C6E6B042A36FA0B006CBE9B /* LoginWarning */,
			);
			path = Scenes;
			sourceTree = "<group>";
		};
		9CAD3FC029ABE74D006F499E /* Base */ = {
			isa = PBXGroup;
			children = (
				9CAD3FC129ABE765006F499E /* BaseViewController.swift */,
				9CAD3FC329ABE782006F499E /* BaseViewModel.swift */,
			);
			path = Base;
			sourceTree = "<group>";
		};
		9CAD3FC529ABE7A2006F499E /* UIComponent */ = {
			isa = PBXGroup;
			children = (
				9CAD3FC629ABE7C3006F499E /* ActivityIndicator.swift */,
				9CAD3FC829ABE7DE006F499E /* ActivityIndicatorProtocol.swift */,
				9CAD3FCA29ABE7F1006F499E /* ActivityIndicatorView.swift */,
			);
			name = UIComponent;
			path = ../UIComponents/UIComponents/UIComponent;
			sourceTree = "<group>";
		};
		9CAD3FCC29ABE80E006F499E /* Toast */ = {
			isa = PBXGroup;
			children = (
				9CAD3FCD29ABE824006F499E /* ToastPresenter.swift */,
				9CAD3FCF29ABE841006F499E /* TostWarningView.swift */,
			);
			path = Toast;
			sourceTree = "<group>";
		};
		9CAD3FD429ABE894006F499E /* Protocol */ = {
			isa = PBXGroup;
			children = (
				9CAD3FD529ABE8AB006F499E /* LoadingProtocol.swift */,
			);
			path = Protocol;
			sourceTree = "<group>";
		};
		9CAD3FD729ABE8D0006F499E /* DataProvider */ = {
			isa = PBXGroup;
			children = (
				9CAD3FD829ABE8EB006F499E /* APIDataProvider.swift */,
				9CAD3FDA29ABE905006F499E /* APIRequestAdapter.swift */,
				9CAD3FDC29ABE91D006F499E /* APILogger.swift */,
				9CAD3FDE29ABE92F006F499E /* DataProvider.swift */,
				9C37540C29B26F890037EE08 /* APIRequestInterceptor.swift */,
			);
			path = DataProvider;
			sourceTree = "<group>";
		};
		9CB8004D29F17AF10014E95C /* Favorites */ = {
			isa = PBXGroup;
			children = (
				9CB8004F29F17B040014E95C /* FavoritesViewController.swift */,
				9CB8005029F17B040014E95C /* FavoritesViewModel.swift */,
				9CB8004E29F17B040014E95C /* FavoritesRouter.swift */,
			);
			path = Favorites;
			sourceTree = "<group>";
		};
		9CB8005629F17B1B0014E95C /* Home */ = {
			isa = PBXGroup;
			children = (
				9CB8005829F17B280014E95C /* HomeViewController.swift */,
				9CB8005929F17B280014E95C /* HomeViewModel.swift */,
				9CB8005729F17B280014E95C /* HomeRouter.swift */,
				9CF10F3C2A042C61009B75E8 /* HomeRoute.swift */,
			);
			path = Home;
			sourceTree = "<group>";
		};
		9CB8005F29F17B3B0014E95C /* TabBar */ = {
			isa = PBXGroup;
			children = (
				9CB8006129F17B600014E95C /* TabBarViewController.swift */,
				9CB8006629F17B6B0014E95C /* TabBarRoute.swift */,
			);
			path = TabBar;
			sourceTree = "<group>";
		};
		9CCB264A2A209A0D00D3CBBB /* Detail */ = {
			isa = PBXGroup;
			children = (
				9CCB264C2A209A3900D3CBBB /* RecipeDetailViewController.swift */,
				9CCB264D2A209A3900D3CBBB /* RecipeDetailViewModel.swift */,
				9CCB264B2A209A3900D3CBBB /* RecipeDetailRouter.swift */,
				9CCB26512A209A4D00D3CBBB /* RecipeDetailRoute.swift */,
			);
			path = Detail;
			sourceTree = "<group>";
		};
		BCEE16FE7B24FBFDE8461817 /* Frameworks */ = {
			isa = PBXGroup;
			children = (
				9C69FBA429B14882000D17C3 /* DataProvider.framework */,
				9C69FB8C29B147F5000D17C3 /* Utilities.framework */,
				9C69FB7429B14732000D17C3 /* UIComponents.framework */,
				E5A884E93E5616E66D2CDDCF /* Pods_Fodamy.framework */,
			);
			name = Frameworks;
			sourceTree = "<group>";
		};
/* End PBXGroup section */

/* Begin PBXNativeTarget section */
		9CAD3FA429ABE5E4006F499E /* Fodamy */ = {
			isa = PBXNativeTarget;
			buildConfigurationList = 9CAD3FB929ABE5EC006F499E /* Build configuration list for PBXNativeTarget "Fodamy" */;
			buildPhases = (
				A6E1ABC5A3E272B8FB851979 /* [CP] Check Pods Manifest.lock */,
				9CAD3FA129ABE5E4006F499E /* Sources */,
				9CAD3FA229ABE5E4006F499E /* Frameworks */,
				9CAD3FA329ABE5E4006F499E /* Resources */,
				368EA357089EFE4A70F53C01 /* [CP] Embed Pods Frameworks */,
			);
			buildRules = (
			);
			dependencies = (
			);
			name = Fodamy;
			productName = Fodamy;
			productReference = 9CAD3FA529ABE5E4006F499E /* Fodamy.app */;
			productType = "com.apple.product-type.application";
		};
/* End PBXNativeTarget section */

/* Begin PBXProject section */
		9CAD3F9D29ABE5E4006F499E /* Project object */ = {
			isa = PBXProject;
			attributes = {
				BuildIndependentTargetsInParallel = 1;
				LastSwiftUpdateCheck = 1340;
				LastUpgradeCheck = 1340;
				TargetAttributes = {
					9CAD3FA429ABE5E4006F499E = {
						CreatedOnToolsVersion = 13.4.1;
						LastSwiftMigration = 1340;
					};
				};
			};
			buildConfigurationList = 9CAD3FA029ABE5E4006F499E /* Build configuration list for PBXProject "Fodamy" */;
			compatibilityVersion = "Xcode 13.0";
			developmentRegion = en;
			hasScannedForEncodings = 0;
			knownRegions = (
				en,
				Base,
			);
			mainGroup = 9CAD3F9C29ABE5E4006F499E;
			productRefGroup = 9CAD3FA629ABE5E4006F499E /* Products */;
			projectDirPath = "";
			projectRoot = "";
			targets = (
				9CAD3FA429ABE5E4006F499E /* Fodamy */,
			);
		};
/* End PBXProject section */

/* Begin PBXResourcesBuildPhase section */
		9CAD3FA329ABE5E4006F499E /* Resources */ = {
			isa = PBXResourcesBuildPhase;
			buildActionMask = 2147483647;
			files = (
				9CAD3FB529ABE5EC006F499E /* LaunchScreen.storyboard in Resources */,
			);
			runOnlyForDeploymentPostprocessing = 0;
		};
/* End PBXResourcesBuildPhase section */

/* Begin PBXShellScriptBuildPhase section */
		368EA357089EFE4A70F53C01 /* [CP] Embed Pods Frameworks */ = {
			isa = PBXShellScriptBuildPhase;
			buildActionMask = 2147483647;
			files = (
			);
			inputFileListPaths = (
				"${PODS_ROOT}/Target Support Files/Pods-Fodamy/Pods-Fodamy-frameworks-${CONFIGURATION}-input-files.xcfilelist",
			);
			name = "[CP] Embed Pods Frameworks";
			outputFileListPaths = (
				"${PODS_ROOT}/Target Support Files/Pods-Fodamy/Pods-Fodamy-frameworks-${CONFIGURATION}-output-files.xcfilelist",
			);
			runOnlyForDeploymentPostprocessing = 0;
			shellPath = /bin/sh;
			shellScript = "\"${PODS_ROOT}/Target Support Files/Pods-Fodamy/Pods-Fodamy-frameworks.sh\"\n";
			showEnvVarsInLog = 0;
		};
		A6E1ABC5A3E272B8FB851979 /* [CP] Check Pods Manifest.lock */ = {
			isa = PBXShellScriptBuildPhase;
			buildActionMask = 2147483647;
			files = (
			);
			inputFileListPaths = (
			);
			inputPaths = (
				"${PODS_PODFILE_DIR_PATH}/Podfile.lock",
				"${PODS_ROOT}/Manifest.lock",
			);
			name = "[CP] Check Pods Manifest.lock";
			outputFileListPaths = (
			);
			outputPaths = (
				"$(DERIVED_FILE_DIR)/Pods-Fodamy-checkManifestLockResult.txt",
			);
			runOnlyForDeploymentPostprocessing = 0;
			shellPath = /bin/sh;
			shellScript = "diff \"${PODS_PODFILE_DIR_PATH}/Podfile.lock\" \"${PODS_ROOT}/Manifest.lock\" > /dev/null\nif [ $? != 0 ] ; then\n    # print error to STDERR\n    echo \"error: The sandbox is not in sync with the Podfile.lock. Run 'pod install' or update your CocoaPods installation.\" >&2\n    exit 1\nfi\n# This output is used by Xcode 'outputs' to avoid re-running this script phase.\necho \"SUCCESS\" > \"${SCRIPT_OUTPUT_FILE_0}\"\n";
			showEnvVarsInLog = 0;
		};
/* End PBXShellScriptBuildPhase section */

/* Begin PBXSourcesBuildPhase section */
		9CAD3FA129ABE5E4006F499E /* Sources */ = {
			isa = PBXSourcesBuildPhase;
			buildActionMask = 2147483647;
			files = (
				9CE25C4729B912B7000DD905 /* WalkthroughViewController.swift in Sources */,
				9CE25C4A29B912D3000DD905 /* WalkthroughRoute.swift in Sources */,
				9C37542629B273950037EE08 /* Animator.swift in Sources */,
				9C6E6B082A36FA52006CBE9B /* LoginWarningRouter.swift in Sources */,
				9CB8005B29F17B280014E95C /* HomeViewController.swift in Sources */,
				9CAD3FC229ABE765006F499E /* BaseViewController.swift in Sources */,
				9C37542329B273140037EE08 /* AppRouter.swift in Sources */,
				9CAD3FA929ABE5E4006F499E /* AppDelegate.swift in Sources */,
				9CE25C4829B912B7000DD905 /* WalkthroughViewModel.swift in Sources */,
				9C87CE1D2A014C53007FD4DC /* RecipesViewController.swift in Sources */,
				9CAD3FD929ABE8EB006F499E /* APIDataProvider.swift in Sources */,
				9CAD3FDD29ABE91D006F499E /* APILogger.swift in Sources */,
				9CB8005A29F17B280014E95C /* HomeRouter.swift in Sources */,
				9CAD3FCE29ABE824006F499E /* ToastPresenter.swift in Sources */,
				9C6E6B092A36FA52006CBE9B /* LoginWarningViewController.swift in Sources */,
				9CCB26522A209A4D00D3CBBB /* RecipeDetailRoute.swift in Sources */,
				9CAD3FDB29ABE905006F499E /* APIRequestAdapter.swift in Sources */,
				9C37543129B274240037EE08 /* Transition.swift in Sources */,
				9C37542F29B274080037EE08 /* PushTransition.swift in Sources */,
				9C37542829B273AB0037EE08 /* Router.swift in Sources */,
				9CB8005329F17B040014E95C /* FavoritesViewModel.swift in Sources */,
				9CAD3FD029ABE841006F499E /* TostWarningView.swift in Sources */,
				9CAD3FD629ABE8AB006F499E /* LoadingProtocol.swift in Sources */,
				9CAD3FC729ABE7C3006F499E /* ActivityIndicator.swift in Sources */,
				9CB8005C29F17B280014E95C /* HomeViewModel.swift in Sources */,
				9C37542B29B273D90037EE08 /* ModalTransition.swift in Sources */,
				9CAD3FCB29ABE7F1006F499E /* ActivityIndicatorView.swift in Sources */,
				9CCB264F2A209A3900D3CBBB /* RecipeDetailViewController.swift in Sources */,
				9C87CE1E2A014C53007FD4DC /* RecipesViewModel.swift in Sources */,
				9CAD3FDF29ABE92F006F499E /* DataProvider.swift in Sources */,
				9C87CE202A014C64007FD4DC /* RecipeRoute.swift in Sources */,
				9C37540D29B26F890037EE08 /* APIRequestInterceptor.swift in Sources */,
				9CCB26502A209A3900D3CBBB /* RecipeDetailViewModel.swift in Sources */,
				9CF10F3D2A042C61009B75E8 /* HomeRoute.swift in Sources */,
				9CE25C4629B912B7000DD905 /* WalkthroughRouter.swift in Sources */,
				9CAD3FC929ABE7DE006F499E /* ActivityIndicatorProtocol.swift in Sources */,
				9C6E6B0C2A36FA68006CBE9B /* LoginWarningRoute.swift in Sources */,
				9CAD3FC429ABE782006F499E /* BaseViewModel.swift in Sources */,
				9C87CE1C2A014C53007FD4DC /* RecipesRouter.swift in Sources */,
				9CB8006429F17B600014E95C /* TabBarViewController.swift in Sources */,
				9C37542D29B273F10037EE08 /* PlaceOnWindowTransition.swift in Sources */,
				9CB8005229F17B040014E95C /* FavoritesViewController.swift in Sources */,
				9CB8005129F17B040014E95C /* FavoritesRouter.swift in Sources */,
				9CF10F372A042674009B75E8 /* MainNavigationController.swift in Sources */,
				9CB8006729F17B6C0014E95C /* TabBarRoute.swift in Sources */,
				9CCB264E2A209A3900D3CBBB /* RecipeDetailRouter.swift in Sources */,
				9C6E6B0A2A36FA52006CBE9B /* LoginWarningViewModel.swift in Sources */,
			);
			runOnlyForDeploymentPostprocessing = 0;
		};
/* End PBXSourcesBuildPhase section */

/* Begin PBXVariantGroup section */
		9CAD3FB329ABE5EC006F499E /* LaunchScreen.storyboard */ = {
			isa = PBXVariantGroup;
			children = (
				9CAD3FB429ABE5EC006F499E /* Base */,
			);
			name = LaunchScreen.storyboard;
			sourceTree = "<group>";
		};
/* End PBXVariantGroup section */

/* Begin XCBuildConfiguration section */
		9CAD3FB729ABE5EC006F499E /* Debug */ = {
			isa = XCBuildConfiguration;
			buildSettings = {
				ALWAYS_SEARCH_USER_PATHS = NO;
				CLANG_ANALYZER_NONNULL = YES;
				CLANG_ANALYZER_NUMBER_OBJECT_CONVERSION = YES_AGGRESSIVE;
				CLANG_CXX_LANGUAGE_STANDARD = "gnu++17";
				CLANG_ENABLE_MODULES = YES;
				CLANG_ENABLE_OBJC_ARC = YES;
				CLANG_ENABLE_OBJC_WEAK = YES;
				CLANG_WARN_BLOCK_CAPTURE_AUTORELEASING = YES;
				CLANG_WARN_BOOL_CONVERSION = YES;
				CLANG_WARN_COMMA = YES;
				CLANG_WARN_CONSTANT_CONVERSION = YES;
				CLANG_WARN_DEPRECATED_OBJC_IMPLEMENTATIONS = YES;
				CLANG_WARN_DIRECT_OBJC_ISA_USAGE = YES_ERROR;
				CLANG_WARN_DOCUMENTATION_COMMENTS = YES;
				CLANG_WARN_EMPTY_BODY = YES;
				CLANG_WARN_ENUM_CONVERSION = YES;
				CLANG_WARN_INFINITE_RECURSION = YES;
				CLANG_WARN_INT_CONVERSION = YES;
				CLANG_WARN_NON_LITERAL_NULL_CONVERSION = YES;
				CLANG_WARN_OBJC_IMPLICIT_RETAIN_SELF = YES;
				CLANG_WARN_OBJC_LITERAL_CONVERSION = YES;
				CLANG_WARN_OBJC_ROOT_CLASS = YES_ERROR;
				CLANG_WARN_QUOTED_INCLUDE_IN_FRAMEWORK_HEADER = YES;
				CLANG_WARN_RANGE_LOOP_ANALYSIS = YES;
				CLANG_WARN_STRICT_PROTOTYPES = YES;
				CLANG_WARN_SUSPICIOUS_MOVE = YES;
				CLANG_WARN_UNGUARDED_AVAILABILITY = YES_AGGRESSIVE;
				CLANG_WARN_UNREACHABLE_CODE = YES;
				CLANG_WARN__DUPLICATE_METHOD_MATCH = YES;
				COPY_PHASE_STRIP = NO;
				DEBUG_INFORMATION_FORMAT = dwarf;
				ENABLE_STRICT_OBJC_MSGSEND = YES;
				ENABLE_TESTABILITY = YES;
				GCC_C_LANGUAGE_STANDARD = gnu11;
				GCC_DYNAMIC_NO_PIC = NO;
				GCC_NO_COMMON_BLOCKS = YES;
				GCC_OPTIMIZATION_LEVEL = 0;
				GCC_PREPROCESSOR_DEFINITIONS = (
					"DEBUG=1",
					"$(inherited)",
				);
				GCC_WARN_64_TO_32_BIT_CONVERSION = YES;
				GCC_WARN_ABOUT_RETURN_TYPE = YES_ERROR;
				GCC_WARN_UNDECLARED_SELECTOR = YES;
				GCC_WARN_UNINITIALIZED_AUTOS = YES_AGGRESSIVE;
				GCC_WARN_UNUSED_FUNCTION = YES;
				GCC_WARN_UNUSED_VARIABLE = YES;
				IPHONEOS_DEPLOYMENT_TARGET = 11.0;
				MTL_ENABLE_DEBUG_INFO = INCLUDE_SOURCE;
				MTL_FAST_MATH = YES;
				ONLY_ACTIVE_ARCH = YES;
				SDKROOT = iphoneos;
				SWIFT_ACTIVE_COMPILATION_CONDITIONS = DEBUG;
				SWIFT_OPTIMIZATION_LEVEL = "-Onone";
			};
			name = Debug;
		};
		9CAD3FB829ABE5EC006F499E /* Release */ = {
			isa = XCBuildConfiguration;
			buildSettings = {
				ALWAYS_SEARCH_USER_PATHS = NO;
				CLANG_ANALYZER_NONNULL = YES;
				CLANG_ANALYZER_NUMBER_OBJECT_CONVERSION = YES_AGGRESSIVE;
				CLANG_CXX_LANGUAGE_STANDARD = "gnu++17";
				CLANG_ENABLE_MODULES = YES;
				CLANG_ENABLE_OBJC_ARC = YES;
				CLANG_ENABLE_OBJC_WEAK = YES;
				CLANG_WARN_BLOCK_CAPTURE_AUTORELEASING = YES;
				CLANG_WARN_BOOL_CONVERSION = YES;
				CLANG_WARN_COMMA = YES;
				CLANG_WARN_CONSTANT_CONVERSION = YES;
				CLANG_WARN_DEPRECATED_OBJC_IMPLEMENTATIONS = YES;
				CLANG_WARN_DIRECT_OBJC_ISA_USAGE = YES_ERROR;
				CLANG_WARN_DOCUMENTATION_COMMENTS = YES;
				CLANG_WARN_EMPTY_BODY = YES;
				CLANG_WARN_ENUM_CONVERSION = YES;
				CLANG_WARN_INFINITE_RECURSION = YES;
				CLANG_WARN_INT_CONVERSION = YES;
				CLANG_WARN_NON_LITERAL_NULL_CONVERSION = YES;
				CLANG_WARN_OBJC_IMPLICIT_RETAIN_SELF = YES;
				CLANG_WARN_OBJC_LITERAL_CONVERSION = YES;
				CLANG_WARN_OBJC_ROOT_CLASS = YES_ERROR;
				CLANG_WARN_QUOTED_INCLUDE_IN_FRAMEWORK_HEADER = YES;
				CLANG_WARN_RANGE_LOOP_ANALYSIS = YES;
				CLANG_WARN_STRICT_PROTOTYPES = YES;
				CLANG_WARN_SUSPICIOUS_MOVE = YES;
				CLANG_WARN_UNGUARDED_AVAILABILITY = YES_AGGRESSIVE;
				CLANG_WARN_UNREACHABLE_CODE = YES;
				CLANG_WARN__DUPLICATE_METHOD_MATCH = YES;
				COPY_PHASE_STRIP = NO;
				DEBUG_INFORMATION_FORMAT = "dwarf-with-dsym";
				ENABLE_NS_ASSERTIONS = NO;
				ENABLE_STRICT_OBJC_MSGSEND = YES;
				GCC_C_LANGUAGE_STANDARD = gnu11;
				GCC_NO_COMMON_BLOCKS = YES;
				GCC_WARN_64_TO_32_BIT_CONVERSION = YES;
				GCC_WARN_ABOUT_RETURN_TYPE = YES_ERROR;
				GCC_WARN_UNDECLARED_SELECTOR = YES;
				GCC_WARN_UNINITIALIZED_AUTOS = YES_AGGRESSIVE;
				GCC_WARN_UNUSED_FUNCTION = YES;
				GCC_WARN_UNUSED_VARIABLE = YES;
				IPHONEOS_DEPLOYMENT_TARGET = 11.0;
				MTL_ENABLE_DEBUG_INFO = NO;
				MTL_FAST_MATH = YES;
				SDKROOT = iphoneos;
				SWIFT_COMPILATION_MODE = wholemodule;
				SWIFT_OPTIMIZATION_LEVEL = "-O";
				VALIDATE_PRODUCT = YES;
			};
			name = Release;
		};
		9CAD3FBA29ABE5EC006F499E /* Debug */ = {
			isa = XCBuildConfiguration;
			baseConfigurationReference = F3085BFF182E815078209B5D /* Pods-Fodamy.debug.xcconfig */;
			buildSettings = {
				ASSETCATALOG_COMPILER_APPICON_NAME = AppIcon;
				ASSETCATALOG_COMPILER_GLOBAL_ACCENT_COLOR_NAME = AccentColor;
				CLANG_ENABLE_MODULES = YES;
				CODE_SIGN_STYLE = Automatic;
				CURRENT_PROJECT_VERSION = 1;
				DEVELOPMENT_TEAM = 9M7WKZBC84;
				GENERATE_INFOPLIST_FILE = YES;
				INFOPLIST_FILE = Fodamy/Info.plist;
				INFOPLIST_KEY_UIApplicationSupportsIndirectInputEvents = YES;
				INFOPLIST_KEY_UILaunchStoryboardName = LaunchScreen;
				INFOPLIST_KEY_UISupportedInterfaceOrientations_iPad = "UIInterfaceOrientationPortrait UIInterfaceOrientationPortraitUpsideDown UIInterfaceOrientationLandscapeLeft UIInterfaceOrientationLandscapeRight";
				INFOPLIST_KEY_UISupportedInterfaceOrientations_iPhone = "UIInterfaceOrientationPortrait UIInterfaceOrientationLandscapeLeft UIInterfaceOrientationLandscapeRight";
				IPHONEOS_DEPLOYMENT_TARGET = 11.0;
				LD_RUNPATH_SEARCH_PATHS = (
					"$(inherited)",
					"@executable_path/Frameworks",
				);
				MARKETING_VERSION = 1.0;
				PRODUCT_BUNDLE_IDENTIFIER = com.ibrahimkultepe.Fodamy;
				PRODUCT_NAME = "$(TARGET_NAME)";
				SWIFT_EMIT_LOC_STRINGS = YES;
				SWIFT_OBJC_BRIDGING_HEADER = "Fodamy/BridgingHeader/Fodamy-Bridging-Header.h";
				SWIFT_OPTIMIZATION_LEVEL = "-Onone";
				SWIFT_VERSION = 5.0;
				TARGETED_DEVICE_FAMILY = 1;
			};
			name = Debug;
		};
		9CAD3FBB29ABE5EC006F499E /* Release */ = {
			isa = XCBuildConfiguration;
			baseConfigurationReference = 882D15E429B3124FAAF0B5C0 /* Pods-Fodamy.release.xcconfig */;
			buildSettings = {
				ASSETCATALOG_COMPILER_APPICON_NAME = AppIcon;
				ASSETCATALOG_COMPILER_GLOBAL_ACCENT_COLOR_NAME = AccentColor;
				CLANG_ENABLE_MODULES = YES;
				CODE_SIGN_STYLE = Automatic;
				CURRENT_PROJECT_VERSION = 1;
				DEVELOPMENT_TEAM = 9M7WKZBC84;
				GENERATE_INFOPLIST_FILE = YES;
				INFOPLIST_FILE = Fodamy/Info.plist;
				INFOPLIST_KEY_UIApplicationSupportsIndirectInputEvents = YES;
				INFOPLIST_KEY_UILaunchStoryboardName = LaunchScreen;
				INFOPLIST_KEY_UISupportedInterfaceOrientations_iPad = "UIInterfaceOrientationPortrait UIInterfaceOrientationPortraitUpsideDown UIInterfaceOrientationLandscapeLeft UIInterfaceOrientationLandscapeRight";
				INFOPLIST_KEY_UISupportedInterfaceOrientations_iPhone = "UIInterfaceOrientationPortrait UIInterfaceOrientationLandscapeLeft UIInterfaceOrientationLandscapeRight";
				IPHONEOS_DEPLOYMENT_TARGET = 11.0;
				LD_RUNPATH_SEARCH_PATHS = (
					"$(inherited)",
					"@executable_path/Frameworks",
				);
				MARKETING_VERSION = 1.0;
				PRODUCT_BUNDLE_IDENTIFIER = com.ibrahimkultepe.Fodamy;
				PRODUCT_NAME = "$(TARGET_NAME)";
				SWIFT_EMIT_LOC_STRINGS = YES;
				SWIFT_OBJC_BRIDGING_HEADER = "Fodamy/BridgingHeader/Fodamy-Bridging-Header.h";
				SWIFT_VERSION = 5.0;
				TARGETED_DEVICE_FAMILY = 1;
			};
			name = Release;
		};
/* End XCBuildConfiguration section */

/* Begin XCConfigurationList section */
		9CAD3FA029ABE5E4006F499E /* Build configuration list for PBXProject "Fodamy" */ = {
			isa = XCConfigurationList;
			buildConfigurations = (
				9CAD3FB729ABE5EC006F499E /* Debug */,
				9CAD3FB829ABE5EC006F499E /* Release */,
			);
			defaultConfigurationIsVisible = 0;
			defaultConfigurationName = Release;
		};
		9CAD3FB929ABE5EC006F499E /* Build configuration list for PBXNativeTarget "Fodamy" */ = {
			isa = XCConfigurationList;
			buildConfigurations = (
				9CAD3FBA29ABE5EC006F499E /* Debug */,
				9CAD3FBB29ABE5EC006F499E /* Release */,
			);
			defaultConfigurationIsVisible = 0;
			defaultConfigurationName = Release;
		};
/* End XCConfigurationList section */
	};
	rootObject = 9CAD3F9D29ABE5E4006F499E /* Project object */;
}
